
Microsoft Visual Studio Solution File, Format Version 12.00
# Visual Studio Version 16
VisualStudioVersion = 16.0.29411.108
MinimumVisualStudioVersion = 10.0.40219.1
Project("{FAE04EC0-301F-11D3-BF4B-00C04F79EFBC}") = "FYP_Sharebits.Android", "FYP_Sharebits.Android\FYP_Sharebits.Android.csproj", "{A8194D27-99B0-4981-B3BF-6CC3CC7013E1}"
EndProject
Project("{FAE04EC0-301F-11D3-BF4B-00C04F79EFBC}") = "FYP_Sharebits.iOS", "FYP_Sharebits.iOS\FYP_Sharebits.iOS.csproj", "{77A23695-FFEF-418B-A30E-1E840A28737F}"
EndProject
Project("{FAE04EC0-301F-11D3-BF4B-00C04F79EFBC}") = "FYP_Sharebits", "FYP_Sharebits\FYP_Sharebits.csproj", "{DA672869-F716-42A2-B379-492FAA1690BF}"
EndProject
Global
	GlobalSection(SolutionConfigurationPlatforms) = preSolution
		Debug|Any CPU = Debug|Any CPU
		Debug|iPhone = Debug|iPhone
		Debug|iPhoneSimulator = Debug|iPhoneSimulator
		Release|Any CPU = Release|Any CPU
		Release|iPhone = Release|iPhone
		Release|iPhoneSimulator = Release|iPhoneSimulator
	EndGlobalSection
	GlobalSection(ProjectConfigurationPlatforms) = postSolution
		{A8194D27-99B0-4981-B3BF-6CC3CC7013E1}.Debug|Any CPU.ActiveCfg = Debug|Any CPU
		{A8194D27-99B0-4981-B3BF-6CC3CC7013E1}.Debug|Any CPU.Build.0 = Debug|Any CPU
		{A8194D27-99B0-4981-B3BF-6CC3CC7013E1}.Debug|Any CPU.Deploy.0 = Debug|Any CPU
		{A8194D27-99B0-4981-B3BF-6CC3CC7013E1}.Debug|iPhone.ActiveCfg = Debug|Any CPU
		{A8194D27-99B0-4981-B3BF-6CC3CC7013E1}.Debug|iPhone.Build.0 = Debug|Any CPU
		{A8194D27-99B0-4981-B3BF-6CC3CC7013E1}.Debug|iPhone.Deploy.0 = Debug|Any CPU
		{A8194D27-99B0-4981-B3BF-6CC3CC7013E1}.Debug|iPhoneSimulator.ActiveCfg = Debug|Any CPU
		{A8194D27-99B0-4981-B3BF-6CC3CC7013E1}.Debug|iPhoneSimulator.Build.0 = Debug|Any CPU
		{A8194D27-99B0-4981-B3BF-6CC3CC7013E1}.Debug|iPhoneSimulator.Deploy.0 = Debug|Any CPU
		{A8194D27-99B0-4981-B3BF-6CC3CC7013E1}.Release|Any CPU.ActiveCfg = Release|Any CPU
		{A8194D27-99B0-4981-B3BF-6CC3CC7013E1}.Release|Any CPU.Build.0 = Release|Any CPU
		{A8194D27-99B0-4981-B3BF-6CC3CC7013E1}.Release|Any CPU.Deploy.0 = Release|Any CPU
		{A8194D27-99B0-4981-B3BF-6CC3CC7013E1}.Release|iPhone.ActiveCfg = Release|Any CPU
		{A8194D27-99B0-4981-B3BF-6CC3CC7013E1}.Release|iPhone.Build.0 = Release|Any CPU
		{A8194D27-99B0-4981-B3BF-6CC3CC7013E1}.Release|iPhone.Deploy.0 = Release|Any CPU
		{A8194D27-99B0-4981-B3BF-6CC3CC7013E1}.Release|iPhoneSimulator.ActiveCfg = Release|Any CPU
		{A8194D27-99B0-4981-B3BF-6CC3CC7013E1}.Release|iPhoneSimulator.Build.0 = Release|Any CPU
		{A8194D27-99B0-4981-B3BF-6CC3CC7013E1}.Release|iPhoneSimulator.Deploy.0 = Release|Any CPU
		{77A23695-FFEF-418B-A30E-1E840A28737F}.Debug|Any CPU.ActiveCfg = Debug|iPhoneSimulator
		{77A23695-FFEF-418B-A30E-1E840A28737F}.Debug|Any CPU.Build.0 = Debug|iPhoneSimulator
		{77A23695-FFEF-418B-A30E-1E840A28737F}.Debug|Any CPU.Deploy.0 = Debug|iPhoneSimulator
		{77A23695-FFEF-418B-A30E-1E840A28737F}.Debug|iPhone.ActiveCfg = Debug|iPhone
		{77A23695-FFEF-418B-A30E-1E840A28737F}.Debug|iPhone.Build.0 = Debug|iPhone
		{77A23695-FFEF-418B-A30E-1E840A28737F}.Debug|iPhone.Deploy.0 = Debug|iPhone
		{77A23695-FFEF-418B-A30E-1E840A28737F}.Debug|iPhoneSimulator.ActiveCfg = Debug|iPhoneSimulator
		{77A23695-FFEF-418B-A30E-1E840A28737F}.Debug|iPhoneSimulator.Build.0 = Debug|iPhoneSimulator
		{77A23695-FFEF-418B-A30E-1E840A28737F}.Debug|iPhoneSimulator.Deploy.0 = Debug|iPhoneSimulator
		{77A23695-FFEF-418B-A30E-1E840A28737F}.Release|Any CPU.ActiveCfg = Release|iPhone
		{77A23695-FFEF-418B-A30E-1E840A28737F}.Release|Any CPU.Build.0 = Release|iPhone
		{77A23695-FFEF-418B-A30E-1E840A28737F}.Release|Any CPU.Deploy.0 = Release|iPhone
		{77A23695-FFEF-418B-A30E-1E840A28737F}.Release|iPhone.ActiveCfg = Release|iPhone
		{77A23695-FFEF-418B-A30E-1E840A28737F}.Release|iPhone.Build.0 = Release|iPhone
		{77A23695-FFEF-418B-A30E-1E840A28737F}.Release|iPhone.Deploy.0 = Release|iPhone
		{77A23695-FFEF-418B-A30E-1E840A28737F}.Release|iPhoneSimulator.ActiveCfg = Release|iPhoneSimulator
		{77A23695-FFEF-418B-A30E-1E840A28737F}.Release|iPhoneSimulator.Build.0 = Release|iPhoneSimulator
		{77A23695-FFEF-418B-A30E-1E840A28737F}.Release|iPhoneSimulator.Deploy.0 = Release|iPhoneSimulator
		{DA672869-F716-42A2-B379-492FAA1690BF}.Debug|Any CPU.ActiveCfg = Debug|Any CPU
		{DA672869-F716-42A2-B379-492FAA1690BF}.Debug|Any CPU.Build.0 = Debug|Any CPU
		{DA672869-F716-42A2-B379-492FAA1690BF}.Debug|Any CPU.Deploy.0 = Debug|Any CPU
		{DA672869-F716-42A2-B379-492FAA1690BF}.Debug|iPhone.ActiveCfg = Debug|Any CPU
		{DA672869-F716-42A2-B379-492FAA1690BF}.Debug|iPhone.Build.0 = Debug|Any CPU
		{DA672869-F716-42A2-B379-492FAA1690BF}.Debug|iPhone.Deploy.0 = Debug|Any CPU
		{DA672869-F716-42A2-B379-492FAA1690BF}.Debug|iPhoneSimulator.ActiveCfg = Debug|Any CPU
		{DA672869-F716-42A2-B379-492FAA1690BF}.Debug|iPhoneSimulator.Build.0 = Debug|Any CPU
		{DA672869-F716-42A2-B379-492FAA1690BF}.Debug|iPhoneSimulator.Deploy.0 = Debug|Any CPU
		{DA672869-F716-42A2-B379-492FAA1690BF}.Release|Any CPU.ActiveCfg = Release|Any CPU
		{DA672869-F716-42A2-B379-492FAA1690BF}.Release|Any CPU.Build.0 = Release|Any CPU
		{DA672869-F716-42A2-B379-492FAA1690BF}.Release|Any CPU.Deploy.0 = Release|Any CPU
		{DA672869-F716-42A2-B379-492FAA1690BF}.Release|iPhone.ActiveCfg = Release|Any CPU
		{DA672869-F716-42A2-B379-492FAA1690BF}.Release|iPhone.Build.0 = Release|Any CPU
		{DA672869-F716-42A2-B379-492FAA1690BF}.Release|iPhone.Deploy.0 = Release|Any CPU
		{DA672869-F716-42A2-B379-492FAA1690BF}.Release|iPhoneSimulator.ActiveCfg = Release|Any CPU
		{DA672869-F716-42A2-B379-492FAA1690BF}.Release|iPhoneSimulator.Build.0 = Release|Any CPU
		{DA672869-F716-42A2-B379-492FAA1690BF}.Release|iPhoneSimulator.Deploy.0 = Release|Any CPU
	EndGlobalSection
	GlobalSection(SolutionProperties) = preSolution
		HideSolutionNode = FALSE
	EndGlobalSection
	GlobalSection(ExtensibilityGlobals) = postSolution
		SolutionGuid = {8C43F792-1A4D-43C7-AA01-1FF286D4A231}
	EndGlobalSection
EndGlobal
